// !$*UTF8*$!
{
	archiveVersion = 1;
	classes = {
	};
	objectVersion = 50;
	objects = {

/* Begin PBXBuildFile section */
		B08C73A922A5144100058979 /* user_ok.png in Resources */ = {isa = PBXBuildFile; fileRef = B08C73A822A5144100058979 /* user_ok.png */; };
		B08C73AC22A51E2400058979 /* PickUserRadioWithNoJumpViewController.m in Sources */ = {isa = PBXBuildFile; fileRef = B08C73AB22A51E2400058979 /* PickUserRadioWithNoJumpViewController.m */; };
		B0D8779222A604E300654F91 /* moreLevelsData.json in Resources */ = {isa = PBXBuildFile; fileRef = B0D8779122A604E300654F91 /* moreLevelsData.json */; };
		B0D8779B22A60FC300654F91 /* PickUsersHaveMoreLevelsRootViewController.m in Sources */ = {isa = PBXBuildFile; fileRef = B0D8779A22A60FC300654F91 /* PickUsersHaveMoreLevelsRootViewController.m */; };
		B0D8779E22A6167000654F91 /* PickUsersViewController.m in Sources */ = {isa = PBXBuildFile; fileRef = B0D8779D22A6167000654F91 /* PickUsersViewController.m */; };
		B0D877A422A63CD700654F91 /* BreadCrumbButton.m in Sources */ = {isa = PBXBuildFile; fileRef = B0D877A322A63CD700654F91 /* BreadCrumbButton.m */; };
		B0D877A622A63CFB00654F91 /* breadcrumb_item_split.png in Resources */ = {isa = PBXBuildFile; fileRef = B0D877A522A63CFB00654F91 /* breadcrumb_item_split.png */; };
		B0D877A822A64A9F00654F91 /* arrow_right.png in Resources */ = {isa = PBXBuildFile; fileRef = B0D877A722A64A9F00654F91 /* arrow_right.png */; };
		B0DB34BA22A11392000B8BBA /* AppDelegate.m in Sources */ = {isa = PBXBuildFile; fileRef = B0DB34B922A11392000B8BBA /* AppDelegate.m */; };
		B0DB34BD22A11392000B8BBA /* ViewController.m in Sources */ = {isa = PBXBuildFile; fileRef = B0DB34BC22A11392000B8BBA /* ViewController.m */; };
		B0DB34C022A11392000B8BBA /* Main.storyboard in Resources */ = {isa = PBXBuildFile; fileRef = B0DB34BE22A11392000B8BBA /* Main.storyboard */; };
		B0DB34C222A11393000B8BBA /* Assets.xcassets in Resources */ = {isa = PBXBuildFile; fileRef = B0DB34C122A11393000B8BBA /* Assets.xcassets */; };
		B0DB34C522A11393000B8BBA /* LaunchScreen.storyboard in Resources */ = {isa = PBXBuildFile; fileRef = B0DB34C322A11393000B8BBA /* LaunchScreen.storyboard */; };
		B0DB34C822A11393000B8BBA /* main.m in Sources */ = {isa = PBXBuildFile; fileRef = B0DB34C722A11393000B8BBA /* main.m */; };
		B0DB34D222A11393000B8BBA /* PickUsersTests.m in Sources */ = {isa = PBXBuildFile; fileRef = B0DB34D122A11393000B8BBA /* PickUsersTests.m */; };
		B0DB34DD22A11393000B8BBA /* PickUsersUITests.m in Sources */ = {isa = PBXBuildFile; fileRef = B0DB34DC22A11393000B8BBA /* PickUsersUITests.m */; };
		B0DB34EC22A11566000B8BBA /* usersData.json in Resources */ = {isa = PBXBuildFile; fileRef = B0DB34EB22A11566000B8BBA /* usersData.json */; };
		B0DB34FA22A11AF0000B8BBA /* KKG_ORGANIZE.m in Sources */ = {isa = PBXBuildFile; fileRef = B0DB34F922A11AF0000B8BBA /* KKG_ORGANIZE.m */; };
		B0DB34FD22A11B10000B8BBA /* KKG_USER.m in Sources */ = {isa = PBXBuildFile; fileRef = B0DB34FC22A11B10000B8BBA /* KKG_USER.m */; };
		B0DB350022A11FDB000B8BBA /* PickUsersWithNoJumpViewController.m in Sources */ = {isa = PBXBuildFile; fileRef = B0DB34FF22A11FDB000B8BBA /* PickUsersWithNoJumpViewController.m */; };
		B0DB350322A123A9000B8BBA /* CheckOrRadioCell.m in Sources */ = {isa = PBXBuildFile; fileRef = B0DB350222A123A9000B8BBA /* CheckOrRadioCell.m */; };
		B0DB350D22A126D7000B8BBA /* uncheck_yuan_icon@2x.png in Resources */ = {isa = PBXBuildFile; fileRef = B0DB350522A126D7000B8BBA /* uncheck_yuan_icon@2x.png */; };
		B0DB350E22A126D7000B8BBA /* Selected_yuan_icon@3x.png in Resources */ = {isa = PBXBuildFile; fileRef = B0DB350622A126D7000B8BBA /* Selected_yuan_icon@3x.png */; };
		B0DB350F22A126D7000B8BBA /* Selected_yuan_icon@2x.png in Resources */ = {isa = PBXBuildFile; fileRef = B0DB350722A126D7000B8BBA /* Selected_yuan_icon@2x.png */; };
		B0DB351022A126D7000B8BBA /* uncheck_yuan_icon@3x.png in Resources */ = {isa = PBXBuildFile; fileRef = B0DB350822A126D7000B8BBA /* uncheck_yuan_icon@3x.png */; };
		B0DB351122A126D7000B8BBA /* gouxuan@2x.png in Resources */ = {isa = PBXBuildFile; fileRef = B0DB350922A126D7000B8BBA /* gouxuan@2x.png */; };
		B0DB351222A126D7000B8BBA /* kuang@2x.png in Resources */ = {isa = PBXBuildFile; fileRef = B0DB350A22A126D7000B8BBA /* kuang@2x.png */; };
		B0DB351322A126D7000B8BBA /* kuang@3x.png in Resources */ = {isa = PBXBuildFile; fileRef = B0DB350B22A126D7000B8BBA /* kuang@3x.png */; };
		B0DB351422A126D7000B8BBA /* gouxuan@3x.png in Resources */ = {isa = PBXBuildFile; fileRef = B0DB350C22A126D7000B8BBA /* gouxuan@3x.png */; };
		B0DB351722A12A6D000B8BBA /* ButtonWithObjects.m in Sources */ = {isa = PBXBuildFile; fileRef = B0DB351622A12A6D000B8BBA /* ButtonWithObjects.m */; };
/* End PBXBuildFile section */

/* Begin PBXContainerItemProxy section */
		B0DB34CE22A11393000B8BBA /* PBXContainerItemProxy */ = {
			isa = PBXContainerItemProxy;
			containerPortal = B0DB34AD22A11392000B8BBA /* Project object */;
			proxyType = 1;
			remoteGlobalIDString = B0DB34B422A11392000B8BBA;
			remoteInfo = PickUsers;
		};
		B0DB34D922A11393000B8BBA /* PBXContainerItemProxy */ = {
			isa = PBXContainerItemProxy;
			containerPortal = B0DB34AD22A11392000B8BBA /* Project object */;
			proxyType = 1;
			remoteGlobalIDString = B0DB34B422A11392000B8BBA;
			remoteInfo = PickUsers;
		};
/* End PBXContainerItemProxy section */

/* Begin PBXFileReference section */
		B08C73A822A5144100058979 /* user_ok.png */ = {isa = PBXFileReference; lastKnownFileType = image.png; path = user_ok.png; sourceTree = "<group>"; };
		B08C73AA22A51E2400058979 /* PickUserRadioWithNoJumpViewController.h */ = {isa = PBXFileReference; lastKnownFileType = sourcecode.c.h; path = PickUserRadioWithNoJumpViewController.h; sourceTree = "<group>"; };
		B08C73AB22A51E2400058979 /* PickUserRadioWithNoJumpViewController.m */ = {isa = PBXFileReference; lastKnownFileType = sourcecode.c.objc; path = PickUserRadioWithNoJumpViewController.m; sourceTree = "<group>"; };
		B0D8779122A604E300654F91 /* moreLevelsData.json */ = {isa = PBXFileReference; lastKnownFileType = text.json; path = moreLevelsData.json; sourceTree = "<group>"; };
		B0D8779922A60FC300654F91 /* PickUsersHaveMoreLevelsRootViewController.h */ = {isa = PBXFileReference; lastKnownFileType = sourcecode.c.h; path = PickUsersHaveMoreLevelsRootViewController.h; sourceTree = "<group>"; };
		B0D8779A22A60FC300654F91 /* PickUsersHaveMoreLevelsRootViewController.m */ = {isa = PBXFileReference; lastKnownFileType = sourcecode.c.objc; path = PickUsersHaveMoreLevelsRootViewController.m; sourceTree = "<group>"; };
		B0D8779C22A6167000654F91 /* PickUsersViewController.h */ = {isa = PBXFileReference; lastKnownFileType = sourcecode.c.h; path = PickUsersViewController.h; sourceTree = "<group>"; };
		B0D8779D22A6167000654F91 /* PickUsersViewController.m */ = {isa = PBXFileReference; lastKnownFileType = sourcecode.c.objc; path = PickUsersViewController.m; sourceTree = "<group>"; };
		B0D877A222A63CD700654F91 /* BreadCrumbButton.h */ = {isa = PBXFileReference; fileEncoding = 4; lastKnownFileType = sourcecode.c.h; path = BreadCrumbButton.h; sourceTree = "<group>"; };
		B0D877A322A63CD700654F91 /* BreadCrumbButton.m */ = {isa = PBXFileReference; fileEncoding = 4; lastKnownFileType = sourcecode.c.objc; path = BreadCrumbButton.m; sourceTree = "<group>"; };
		B0D877A522A63CFB00654F91 /* breadcrumb_item_split.png */ = {isa = PBXFileReference; lastKnownFileType = image.png; path = breadcrumb_item_split.png; sourceTree = "<group>"; };
		B0D877A722A64A9F00654F91 /* arrow_right.png */ = {isa = PBXFileReference; lastKnownFileType = image.png; path = arrow_right.png; sourceTree = "<group>"; };
		B0DB34B522A11392000B8BBA /* PickUsers.app */ = {isa = PBXFileReference; explicitFileType = wrapper.application; includeInIndex = 0; path = PickUsers.app; sourceTree = BUILT_PRODUCTS_DIR; };
		B0DB34B822A11392000B8BBA /* AppDelegate.h */ = {isa = PBXFileReference; lastKnownFileType = sourcecode.c.h; path = AppDelegate.h; sourceTree = "<group>"; };
		B0DB34B922A11392000B8BBA /* AppDelegate.m */ = {isa = PBXFileReference; lastKnownFileType = sourcecode.c.objc; path = AppDelegate.m; sourceTree = "<group>"; };
		B0DB34BB22A11392000B8BBA /* ViewController.h */ = {isa = PBXFileReference; lastKnownFileType = sourcecode.c.h; path = ViewController.h; sourceTree = "<group>"; };
		B0DB34BC22A11392000B8BBA /* ViewController.m */ = {isa = PBXFileReference; lastKnownFileType = sourcecode.c.objc; path = ViewController.m; sourceTree = "<group>"; };
		B0DB34BF22A11392000B8BBA /* Base */ = {isa = PBXFileReference; lastKnownFileType = file.storyboard; name = Base; path = Base.lproj/Main.storyboard; sourceTree = "<group>"; };
		B0DB34C122A11393000B8BBA /* Assets.xcassets */ = {isa = PBXFileReference; lastKnownFileType = folder.assetcatalog; path = Assets.xcassets; sourceTree = "<group>"; };
		B0DB34C422A11393000B8BBA /* Base */ = {isa = PBXFileReference; lastKnownFileType = file.storyboard; name = Base; path = Base.lproj/LaunchScreen.storyboard; sourceTree = "<group>"; };
		B0DB34C622A11393000B8BBA /* Info.plist */ = {isa = PBXFileReference; lastKnownFileType = text.plist.xml; path = Info.plist; sourceTree = "<group>"; };
		B0DB34C722A11393000B8BBA /* main.m */ = {isa = PBXFileReference; lastKnownFileType = sourcecode.c.objc; path = main.m; sourceTree = "<group>"; };
		B0DB34CD22A11393000B8BBA /* PickUsersTests.xctest */ = {isa = PBXFileReference; explicitFileType = wrapper.cfbundle; includeInIndex = 0; path = PickUsersTests.xctest; sourceTree = BUILT_PRODUCTS_DIR; };
		B0DB34D122A11393000B8BBA /* PickUsersTests.m */ = {isa = PBXFileReference; lastKnownFileType = sourcecode.c.objc; path = PickUsersTests.m; sourceTree = "<group>"; };
		B0DB34D322A11393000B8BBA /* Info.plist */ = {isa = PBXFileReference; lastKnownFileType = text.plist.xml; path = Info.plist; sourceTree = "<group>"; };
		B0DB34D822A11393000B8BBA /* PickUsersUITests.xctest */ = {isa = PBXFileReference; explicitFileType = wrapper.cfbundle; includeInIndex = 0; path = PickUsersUITests.xctest; sourceTree = BUILT_PRODUCTS_DIR; };
		B0DB34DC22A11393000B8BBA /* PickUsersUITests.m */ = {isa = PBXFileReference; lastKnownFileType = sourcecode.c.objc; path = PickUsersUITests.m; sourceTree = "<group>"; };
		B0DB34DE22A11393000B8BBA /* Info.plist */ = {isa = PBXFileReference; lastKnownFileType = text.plist.xml; path = Info.plist; sourceTree = "<group>"; };
		B0DB34EB22A11566000B8BBA /* usersData.json */ = {isa = PBXFileReference; lastKnownFileType = text.json; path = usersData.json; sourceTree = "<group>"; };
		B0DB34F322A11745000B8BBA /* GlobalConfig.h */ = {isa = PBXFileReference; lastKnownFileType = sourcecode.c.h; path = GlobalConfig.h; sourceTree = "<group>"; };
		B0DB34F822A11AF0000B8BBA /* KKG_ORGANIZE.h */ = {isa = PBXFileReference; lastKnownFileType = sourcecode.c.h; path = KKG_ORGANIZE.h; sourceTree = "<group>"; };
		B0DB34F922A11AF0000B8BBA /* KKG_ORGANIZE.m */ = {isa = PBXFileReference; lastKnownFileType = sourcecode.c.objc; path = KKG_ORGANIZE.m; sourceTree = "<group>"; };
		B0DB34FB22A11B10000B8BBA /* KKG_USER.h */ = {isa = PBXFileReference; lastKnownFileType = sourcecode.c.h; path = KKG_USER.h; sourceTree = "<group>"; };
		B0DB34FC22A11B10000B8BBA /* KKG_USER.m */ = {isa = PBXFileReference; lastKnownFileType = sourcecode.c.objc; path = KKG_USER.m; sourceTree = "<group>"; };
		B0DB34FE22A11FDB000B8BBA /* PickUsersWithNoJumpViewController.h */ = {isa = PBXFileReference; lastKnownFileType = sourcecode.c.h; path = PickUsersWithNoJumpViewController.h; sourceTree = "<group>"; };
		B0DB34FF22A11FDB000B8BBA /* PickUsersWithNoJumpViewController.m */ = {isa = PBXFileReference; lastKnownFileType = sourcecode.c.objc; path = PickUsersWithNoJumpViewController.m; sourceTree = "<group>"; };
		B0DB350122A123A9000B8BBA /* CheckOrRadioCell.h */ = {isa = PBXFileReference; fileEncoding = 4; lastKnownFileType = sourcecode.c.h; path = CheckOrRadioCell.h; sourceTree = "<group>"; };
		B0DB350222A123A9000B8BBA /* CheckOrRadioCell.m */ = {isa = PBXFileReference; fileEncoding = 4; lastKnownFileType = sourcecode.c.objc; path = CheckOrRadioCell.m; sourceTree = "<group>"; };
		B0DB350522A126D7000B8BBA /* uncheck_yuan_icon@2x.png */ = {isa = PBXFileReference; lastKnownFileType = image.png; path = "uncheck_yuan_icon@2x.png"; sourceTree = "<group>"; };
		B0DB350622A126D7000B8BBA /* Selected_yuan_icon@3x.png */ = {isa = PBXFileReference; lastKnownFileType = image.png; path = "Selected_yuan_icon@3x.png"; sourceTree = "<group>"; };
		B0DB350722A126D7000B8BBA /* Selected_yuan_icon@2x.png */ = {isa = PBXFileReference; lastKnownFileType = image.png; path = "Selected_yuan_icon@2x.png"; sourceTree = "<group>"; };
		B0DB350822A126D7000B8BBA /* uncheck_yuan_icon@3x.png */ = {isa = PBXFileReference; lastKnownFileType = image.png; path = "uncheck_yuan_icon@3x.png"; sourceTree = "<group>"; };
		B0DB350922A126D7000B8BBA /* gouxuan@2x.png */ = {isa = PBXFileReference; lastKnownFileType = image.png; path = "gouxuan@2x.png"; sourceTree = "<group>"; };
		B0DB350A22A126D7000B8BBA /* kuang@2x.png */ = {isa = PBXFileReference; lastKnownFileType = image.png; path = "kuang@2x.png"; sourceTree = "<group>"; };
		B0DB350B22A126D7000B8BBA /* kuang@3x.png */ = {isa = PBXFileReference; lastKnownFileType = image.png; path = "kuang@3x.png"; sourceTree = "<group>"; };
		B0DB350C22A126D7000B8BBA /* gouxuan@3x.png */ = {isa = PBXFileReference; lastKnownFileType = image.png; path = "gouxuan@3x.png"; sourceTree = "<group>"; };
		B0DB351522A12A6C000B8BBA /* ButtonWithObjects.h */ = {isa = PBXFileReference; fileEncoding = 4; lastKnownFileType = sourcecode.c.h; path = ButtonWithObjects.h; sourceTree = "<group>"; };
		B0DB351622A12A6D000B8BBA /* ButtonWithObjects.m */ = {isa = PBXFileReference; fileEncoding = 4; lastKnownFileType = sourcecode.c.objc; path = ButtonWithObjects.m; sourceTree = "<group>"; };
/* End PBXFileReference section */

/* Begin PBXFrameworksBuildPhase section */
		B0DB34B222A11392000B8BBA /* Frameworks */ = {
			isa = PBXFrameworksBuildPhase;
			buildActionMask = 2147483647;
			files = (
			);
			runOnlyForDeploymentPostprocessing = 0;
		};
		B0DB34CA22A11393000B8BBA /* Frameworks */ = {
			isa = PBXFrameworksBuildPhase;
			buildActionMask = 2147483647;
			files = (
			);
			runOnlyForDeploymentPostprocessing = 0;
		};
		B0DB34D522A11393000B8BBA /* Frameworks */ = {
			isa = PBXFrameworksBuildPhase;
			buildActionMask = 2147483647;
			files = (
			);
			runOnlyForDeploymentPostprocessing = 0;
		};
/* End PBXFrameworksBuildPhase section */

/* Begin PBXGroup section */
		B0DB34AC22A11392000B8BBA = {
			isa = PBXGroup;
			children = (
				B0DB34B722A11392000B8BBA /* PickUsers */,
				B0DB34D022A11393000B8BBA /* PickUsersTests */,
				B0DB34DB22A11393000B8BBA /* PickUsersUITests */,
				B0DB34B622A11392000B8BBA /* Products */,
				B0DB34F422A11A19000B8BBA /* Classes */,
				B0DB34EA22A1154A000B8BBA /* resources */,
			);
			sourceTree = "<group>";
		};
		B0DB34B622A11392000B8BBA /* Products */ = {
			isa = PBXGroup;
			children = (
				B0DB34B522A11392000B8BBA /* PickUsers.app */,
				B0DB34CD22A11393000B8BBA /* PickUsersTests.xctest */,
				B0DB34D822A11393000B8BBA /* PickUsersUITests.xctest */,
			);
			name = Products;
			sourceTree = "<group>";
		};
		B0DB34B722A11392000B8BBA /* PickUsers */ = {
			isa = PBXGroup;
			children = (
				B0DB34B822A11392000B8BBA /* AppDelegate.h */,
				B0DB34B922A11392000B8BBA /* AppDelegate.m */,
				B0DB34BB22A11392000B8BBA /* ViewController.h */,
				B0DB34BC22A11392000B8BBA /* ViewController.m */,
				B0DB34BE22A11392000B8BBA /* Main.storyboard */,
				B0DB34C122A11393000B8BBA /* Assets.xcassets */,
				B0DB34C322A11393000B8BBA /* LaunchScreen.storyboard */,
				B0DB34C622A11393000B8BBA /* Info.plist */,
				B0DB34C722A11393000B8BBA /* main.m */,
				B0DB34F322A11745000B8BBA /* GlobalConfig.h */,
			);
			path = PickUsers;
			sourceTree = "<group>";
		};
		B0DB34D022A11393000B8BBA /* PickUsersTests */ = {
			isa = PBXGroup;
			children = (
				B0DB34D122A11393000B8BBA /* PickUsersTests.m */,
				B0DB34D322A11393000B8BBA /* Info.plist */,
			);
			path = PickUsersTests;
			sourceTree = "<group>";
		};
		B0DB34DB22A11393000B8BBA /* PickUsersUITests */ = {
			isa = PBXGroup;
			children = (
				B0DB34DC22A11393000B8BBA /* PickUsersUITests.m */,
				B0DB34DE22A11393000B8BBA /* Info.plist */,
			);
			path = PickUsersUITests;
			sourceTree = "<group>";
		};
		B0DB34EA22A1154A000B8BBA /* resources */ = {
			isa = PBXGroup;
			children = (
				B0DB34EB22A11566000B8BBA /* usersData.json */,
				B0D8779122A604E300654F91 /* moreLevelsData.json */,
				B0DB350422A126D7000B8BBA /* images */,
			);
			name = resources;
			path = PickUsers/resources;
			sourceTree = "<group>";
		};
		B0DB34F422A11A19000B8BBA /* Classes */ = {
			isa = PBXGroup;
			children = (
				B0DB34F722A11A49000B8BBA /* controller */,
				B0DB34F522A11A49000B8BBA /* model */,
				B0DB34F622A11A49000B8BBA /* view */,
			);
			name = Classes;
			path = PickUsers/Classes;
			sourceTree = "<group>";
		};
		B0DB34F522A11A49000B8BBA /* model */ = {
			isa = PBXGroup;
			children = (
				B0DB34F822A11AF0000B8BBA /* KKG_ORGANIZE.h */,
				B0DB34F922A11AF0000B8BBA /* KKG_ORGANIZE.m */,
				B0DB34FB22A11B10000B8BBA /* KKG_USER.h */,
				B0DB34FC22A11B10000B8BBA /* KKG_USER.m */,
			);
			path = model;
			sourceTree = "<group>";
		};
		B0DB34F622A11A49000B8BBA /* view */ = {
			isa = PBXGroup;
			children = (
				B0D877A222A63CD700654F91 /* BreadCrumbButton.h */,
				B0D877A322A63CD700654F91 /* BreadCrumbButton.m */,
				B0DB351522A12A6C000B8BBA /* ButtonWithObjects.h */,
				B0DB351622A12A6D000B8BBA /* ButtonWithObjects.m */,
				B0DB350122A123A9000B8BBA /* CheckOrRadioCell.h */,
				B0DB350222A123A9000B8BBA /* CheckOrRadioCell.m */,
			);
			path = view;
			sourceTree = "<group>";
		};
		B0DB34F722A11A49000B8BBA /* controller */ = {
			isa = PBXGroup;
			children = (
				B0DB34FE22A11FDB000B8BBA /* PickUsersWithNoJumpViewController.h */,
				B0DB34FF22A11FDB000B8BBA /* PickUsersWithNoJumpViewController.m */,
				B08C73AA22A51E2400058979 /* PickUserRadioWithNoJumpViewController.h */,
				B08C73AB22A51E2400058979 /* PickUserRadioWithNoJumpViewController.m */,
				B0D8779922A60FC300654F91 /* PickUsersHaveMoreLevelsRootViewController.h */,
				B0D8779A22A60FC300654F91 /* PickUsersHaveMoreLevelsRootViewController.m */,
				B0D8779C22A6167000654F91 /* PickUsersViewController.h */,
				B0D8779D22A6167000654F91 /* PickUsersViewController.m */,
			);
			path = controller;
			sourceTree = "<group>";
		};
		B0DB350422A126D7000B8BBA /* images */ = {
			isa = PBXGroup;
			children = (
				B0D877A722A64A9F00654F91 /* arrow_right.png */,
				B0D877A522A63CFB00654F91 /* breadcrumb_item_split.png */,
				B08C73A822A5144100058979 /* user_ok.png */,
				B0DB350522A126D7000B8BBA /* uncheck_yuan_icon@2x.png */,
				B0DB350622A126D7000B8BBA /* Selected_yuan_icon@3x.png */,
				B0DB350722A126D7000B8BBA /* Selected_yuan_icon@2x.png */,
				B0DB350822A126D7000B8BBA /* uncheck_yuan_icon@3x.png */,
				B0DB350922A126D7000B8BBA /* gouxuan@2x.png */,
				B0DB350A22A126D7000B8BBA /* kuang@2x.png */,
				B0DB350B22A126D7000B8BBA /* kuang@3x.png */,
				B0DB350C22A126D7000B8BBA /* gouxuan@3x.png */,
			);
			path = images;
			sourceTree = "<group>";
		};
/* End PBXGroup section */

/* Begin PBXNativeTarget section */
		B0DB34B422A11392000B8BBA /* PickUsers */ = {
			isa = PBXNativeTarget;
			buildConfigurationList = B0DB34E122A11393000B8BBA /* Build configuration list for PBXNativeTarget "PickUsers" */;
			buildPhases = (
				B0DB34B122A11392000B8BBA /* Sources */,
				B0DB34B222A11392000B8BBA /* Frameworks */,
				B0DB34B322A11392000B8BBA /* Resources */,
			);
			buildRules = (
			);
			dependencies = (
			);
			name = PickUsers;
			productName = PickUsers;
			productReference = B0DB34B522A11392000B8BBA /* PickUsers.app */;
			productType = "com.apple.product-type.application";
		};
		B0DB34CC22A11393000B8BBA /* PickUsersTests */ = {
			isa = PBXNativeTarget;
			buildConfigurationList = B0DB34E422A11393000B8BBA /* Build configuration list for PBXNativeTarget "PickUsersTests" */;
			buildPhases = (
				B0DB34C922A11393000B8BBA /* Sources */,
				B0DB34CA22A11393000B8BBA /* Frameworks */,
				B0DB34CB22A11393000B8BBA /* Resources */,
			);
			buildRules = (
			);
			dependencies = (
				B0DB34CF22A11393000B8BBA /* PBXTargetDependency */,
			);
			name = PickUsersTests;
			productName = PickUsersTests;
			productReference = B0DB34CD22A11393000B8BBA /* PickUsersTests.xctest */;
			productType = "com.apple.product-type.bundle.unit-test";
		};
		B0DB34D722A11393000B8BBA /* PickUsersUITests */ = {
			isa = PBXNativeTarget;
			buildConfigurationList = B0DB34E722A11393000B8BBA /* Build configuration list for PBXNativeTarget "PickUsersUITests" */;
			buildPhases = (
				B0DB34D422A11393000B8BBA /* Sources */,
				B0DB34D522A11393000B8BBA /* Frameworks */,
				B0DB34D622A11393000B8BBA /* Resources */,
			);
			buildRules = (
			);
			dependencies = (
				B0DB34DA22A11393000B8BBA /* PBXTargetDependency */,
			);
			name = PickUsersUITests;
			productName = PickUsersUITests;
			productReference = B0DB34D822A11393000B8BBA /* PickUsersUITests.xctest */;
			productType = "com.apple.product-type.bundle.ui-testing";
		};
/* End PBXNativeTarget section */

/* Begin PBXProject section */
		B0DB34AD22A11392000B8BBA /* Project object */ = {
			isa = PBXProject;
			attributes = {
				LastUpgradeCheck = 0930;
				ORGANIZATIONNAME = "云联智慧";
				TargetAttributes = {
					B0DB34B422A11392000B8BBA = {
						CreatedOnToolsVersion = 9.3.1;
					};
					B0DB34CC22A11393000B8BBA = {
						CreatedOnToolsVersion = 9.3.1;
						TestTargetID = B0DB34B422A11392000B8BBA;
					};
					B0DB34D722A11393000B8BBA = {
						CreatedOnToolsVersion = 9.3.1;
						TestTargetID = B0DB34B422A11392000B8BBA;
					};
				};
			};
			buildConfigurationList = B0DB34B022A11392000B8BBA /* Build configuration list for PBXProject "PickUsers" */;
			compatibilityVersion = "Xcode 9.3";
			developmentRegion = en;
			hasScannedForEncodings = 0;
			knownRegions = (
				en,
				Base,
			);
			mainGroup = B0DB34AC22A11392000B8BBA;
			productRefGroup = B0DB34B622A11392000B8BBA /* Products */;
			projectDirPath = "";
			projectRoot = "";
			targets = (
				B0DB34B422A11392000B8BBA /* PickUsers */,
				B0DB34CC22A11393000B8BBA /* PickUsersTests */,
				B0DB34D722A11393000B8BBA /* PickUsersUITests */,
			);
		};
/* End PBXProject section */

/* Begin PBXResourcesBuildPhase section */
		B0DB34B322A11392000B8BBA /* Resources */ = {
			isa = PBXResourcesBuildPhase;
			buildActionMask = 2147483647;
			files = (
				B0DB34C522A11393000B8BBA /* LaunchScreen.storyboard in Resources */,
				B0DB350D22A126D7000B8BBA /* uncheck_yuan_icon@2x.png in Resources */,
				B0DB350F22A126D7000B8BBA /* Selected_yuan_icon@2x.png in Resources */,
				B0DB351322A126D7000B8BBA /* kuang@3x.png in Resources */,
				B0DB351122A126D7000B8BBA /* gouxuan@2x.png in Resources */,
				B0DB351022A126D7000B8BBA /* uncheck_yuan_icon@3x.png in Resources */,
				B0DB350E22A126D7000B8BBA /* Selected_yuan_icon@3x.png in Resources */,
				B0DB351422A126D7000B8BBA /* gouxuan@3x.png in Resources */,
				B08C73A922A5144100058979 /* user_ok.png in Resources */,
				B0DB34C222A11393000B8BBA /* Assets.xcassets in Resources */,
				B0D877A822A64A9F00654F91 /* arrow_right.png in Resources */,
				B0DB351222A126D7000B8BBA /* kuang@2x.png in Resources */,
				B0D877A622A63CFB00654F91 /* breadcrumb_item_split.png in Resources */,
				B0DB34EC22A11566000B8BBA /* usersData.json in Resources */,
				B0DB34C022A11392000B8BBA /* Main.storyboard in Resources */,
				B0D8779222A604E300654F91 /* moreLevelsData.json in Resources */,
			);
			runOnlyForDeploymentPostprocessing = 0;
		};
		B0DB34CB22A11393000B8BBA /* Resources */ = {
			isa = PBXResourcesBuildPhase;
			buildActionMask = 2147483647;
			files = (
			);
			runOnlyForDeploymentPostprocessing = 0;
		};
		B0DB34D622A11393000B8BBA /* Resources */ = {
			isa = PBXResourcesBuildPhase;
			buildActionMask = 2147483647;
			files = (
			);
			runOnlyForDeploymentPostprocessing = 0;
		};
/* End PBXResourcesBuildPhase section */

/* Begin PBXSourcesBuildPhase section */
		B0DB34B122A11392000B8BBA /* Sources */ = {
			isa = PBXSourcesBuildPhase;
			buildActionMask = 2147483647;
			files = (
				B0DB351722A12A6D000B8BBA /* ButtonWithObjects.m in Sources */,
				B0DB34FA22A11AF0000B8BBA /* KKG_ORGANIZE.m in Sources */,
				B0D8779B22A60FC300654F91 /* PickUsersHaveMoreLevelsRootViewController.m in Sources */,
				B0DB34BD22A11392000B8BBA /* ViewController.m in Sources */,
				B0D877A422A63CD700654F91 /* BreadCrumbButton.m in Sources */,
				B0D8779E22A6167000654F91 /* PickUsersViewController.m in Sources */,
				B08C73AC22A51E2400058979 /* PickUserRadioWithNoJumpViewController.m in Sources */,
				B0DB34FD22A11B10000B8BBA /* KKG_USER.m in Sources */,
				B0DB350322A123A9000B8BBA /* CheckOrRadioCell.m in Sources */,
				B0DB34C822A11393000B8BBA /* main.m in Sources */,
				B0DB34BA22A11392000B8BBA /* AppDelegate.m in Sources */,
				B0DB350022A11FDB000B8BBA /* PickUsersWithNoJumpViewController.m in Sources */,
			);
			runOnlyForDeploymentPostprocessing = 0;
		};
		B0DB34C922A11393000B8BBA /* Sources */ = {
			isa = PBXSourcesBuildPhase;
			buildActionMask = 2147483647;
			files = (
				B0DB34D222A11393000B8BBA /* PickUsersTests.m in Sources */,
			);
			runOnlyForDeploymentPostprocessing = 0;
		};
		B0DB34D422A11393000B8BBA /* Sources */ = {
			isa = PBXSourcesBuildPhase;
			buildActionMask = 2147483647;
			files = (
				B0DB34DD22A11393000B8BBA /* PickUsersUITests.m in Sources */,
			);
			runOnlyForDeploymentPostprocessing = 0;
		};
/* End PBXSourcesBuildPhase section */

/* Begin PBXTargetDependency section */
		B0DB34CF22A11393000B8BBA /* PBXTargetDependency */ = {
			isa = PBXTargetDependency;
			target = B0DB34B422A11392000B8BBA /* PickUsers */;
			targetProxy = B0DB34CE22A11393000B8BBA /* PBXContainerItemProxy */;
		};
		B0DB34DA22A11393000B8BBA /* PBXTargetDependency */ = {
			isa = PBXTargetDependency;
			target = B0DB34B422A11392000B8BBA /* PickUsers */;
			targetProxy = B0DB34D922A11393000B8BBA /* PBXContainerItemProxy */;
		};
/* End PBXTargetDependency section */

/* Begin PBXVariantGroup section */
		B0DB34BE22A11392000B8BBA /* Main.storyboard */ = {
			isa = PBXVariantGroup;
			children = (
				B0DB34BF22A11392000B8BBA /* Base */,
			);
			name = Main.storyboard;
			sourceTree = "<group>";
		};
		B0DB34C322A11393000B8BBA /* LaunchScreen.storyboard */ = {
			isa = PBXVariantGroup;
			children = (
				B0DB34C422A11393000B8BBA /* Base */,
			);
			name = LaunchScreen.storyboard;
			sourceTree = "<group>";
		};
/* End PBXVariantGroup section */

/* Begin XCBuildConfiguration section */
		B0DB34DF22A11393000B8BBA /* Debug */ = {
			isa = XCBuildConfiguration;
			buildSettings = {
				ALWAYS_SEARCH_USER_PATHS = NO;
				CLANG_ANALYZER_NONNULL = YES;
				CLANG_ANALYZER_NUMBER_OBJECT_CONVERSION = YES_AGGRESSIVE;
				CLANG_CXX_LANGUAGE_STANDARD = "gnu++14";
				CLANG_CXX_LIBRARY = "libc++";
				CLANG_ENABLE_MODULES = YES;
				CLANG_ENABLE_OBJC_ARC = YES;
				CLANG_ENABLE_OBJC_WEAK = YES;
				CLANG_WARN_BLOCK_CAPTURE_AUTORELEASING = YES;
				CLANG_WARN_BOOL_CONVERSION = YES;
				CLANG_WARN_COMMA = YES;
				CLANG_WARN_CONSTANT_CONVERSION = YES;
				CLANG_WARN_DEPRECATED_OBJC_IMPLEMENTATIONS = YES;
				CLANG_WARN_DIRECT_OBJC_ISA_USAGE = YES_ERROR;
				CLANG_WARN_DOCUMENTATION_COMMENTS = YES;
				CLANG_WARN_EMPTY_BODY = YES;
				CLANG_WARN_ENUM_CONVERSION = YES;
				CLANG_WARN_INFINITE_RECURSION = YES;
				CLANG_WARN_INT_CONVERSION = YES;
				CLANG_WARN_NON_LITERAL_NULL_CONVERSION = YES;
				CLANG_WARN_OBJC_IMPLICIT_RETAIN_SELF = YES;
				CLANG_WARN_OBJC_LITERAL_CONVERSION = YES;
				CLANG_WARN_OBJC_ROOT_CLASS = YES_ERROR;
				CLANG_WARN_RANGE_LOOP_ANALYSIS = YES;
				CLANG_WARN_STRICT_PROTOTYPES = YES;
				CLANG_WARN_SUSPICIOUS_MOVE = YES;
				CLANG_WARN_UNGUARDED_AVAILABILITY = YES_AGGRESSIVE;
				CLANG_WARN_UNREACHABLE_CODE = YES;
				CLANG_WARN__DUPLICATE_METHOD_MATCH = YES;
				CODE_SIGN_IDENTITY = "iPhone Developer";
				COPY_PHASE_STRIP = NO;
				DEBUG_INFORMATION_FORMAT = dwarf;
				ENABLE_STRICT_OBJC_MSGSEND = YES;
				ENABLE_TESTABILITY = YES;
				GCC_C_LANGUAGE_STANDARD = gnu11;
				GCC_DYNAMIC_NO_PIC = NO;
				GCC_NO_COMMON_BLOCKS = YES;
				GCC_OPTIMIZATION_LEVEL = 0;
				GCC_PREPROCESSOR_DEFINITIONS = (
					"DEBUG=1",
					"$(inherited)",
				);
				GCC_WARN_64_TO_32_BIT_CONVERSION = YES;
				GCC_WARN_ABOUT_RETURN_TYPE = YES_ERROR;
				GCC_WARN_UNDECLARED_SELECTOR = YES;
				GCC_WARN_UNINITIALIZED_AUTOS = YES_AGGRESSIVE;
				GCC_WARN_UNUSED_FUNCTION = YES;
				GCC_WARN_UNUSED_VARIABLE = YES;
				IPHONEOS_DEPLOYMENT_TARGET = 11.3;
				MTL_ENABLE_DEBUG_INFO = YES;
				ONLY_ACTIVE_ARCH = YES;
				SDKROOT = iphoneos;
			};
			name = Debug;
		};
		B0DB34E022A11393000B8BBA /* Release */ = {
			isa = XCBuildConfiguration;
			buildSettings = {
				ALWAYS_SEARCH_USER_PATHS = NO;
				CLANG_ANALYZER_NONNULL = YES;
				CLANG_ANALYZER_NUMBER_OBJECT_CONVERSION = YES_AGGRESSIVE;
				CLANG_CXX_LANGUAGE_STANDARD = "gnu++14";
				CLANG_CXX_LIBRARY = "libc++";
				CLANG_ENABLE_MODULES = YES;
				CLANG_ENABLE_OBJC_ARC = YES;
				CLANG_ENABLE_OBJC_WEAK = YES;
				CLANG_WARN_BLOCK_CAPTURE_AUTORELEASING = YES;
				CLANG_WARN_BOOL_CONVERSION = YES;
				CLANG_WARN_COMMA = YES;
				CLANG_WARN_CONSTANT_CONVERSION = YES;
				CLANG_WARN_DEPRECATED_OBJC_IMPLEMENTATIONS = YES;
				CLANG_WARN_DIRECT_OBJC_ISA_USAGE = YES_ERROR;
				CLANG_WARN_DOCUMENTATION_COMMENTS = YES;
				CLANG_WARN_EMPTY_BODY = YES;
				CLANG_WARN_ENUM_CONVERSION = YES;
				CLANG_WARN_INFINITE_RECURSION = YES;
				CLANG_WARN_INT_CONVERSION = YES;
				CLANG_WARN_NON_LITERAL_NULL_CONVERSION = YES;
				CLANG_WARN_OBJC_IMPLICIT_RETAIN_SELF = YES;
				CLANG_WARN_OBJC_LITERAL_CONVERSION = YES;
				CLANG_WARN_OBJC_ROOT_CLASS = YES_ERROR;
				CLANG_WARN_RANGE_LOOP_ANALYSIS = YES;
				CLANG_WARN_STRICT_PROTOTYPES = YES;
				CLANG_WARN_SUSPICIOUS_MOVE = YES;
				CLANG_WARN_UNGUARDED_AVAILABILITY = YES_AGGRESSIVE;
				CLANG_WARN_UNREACHABLE_CODE = YES;
				CLANG_WARN__DUPLICATE_METHOD_MATCH = YES;
				CODE_SIGN_IDENTITY = "iPhone Developer";
				COPY_PHASE_STRIP = NO;
				DEBUG_INFORMATION_FORMAT = "dwarf-with-dsym";
				ENABLE_NS_ASSERTIONS = NO;
				ENABLE_STRICT_OBJC_MSGSEND = YES;
				GCC_C_LANGUAGE_STANDARD = gnu11;
				GCC_NO_COMMON_BLOCKS = YES;
				GCC_WARN_64_TO_32_BIT_CONVERSION = YES;
				GCC_WARN_ABOUT_RETURN_TYPE = YES_ERROR;
				GCC_WARN_UNDECLARED_SELECTOR = YES;
				GCC_WARN_UNINITIALIZED_AUTOS = YES_AGGRESSIVE;
				GCC_WARN_UNUSED_FUNCTION = YES;
				GCC_WARN_UNUSED_VARIABLE = YES;
				IPHONEOS_DEPLOYMENT_TARGET = 11.3;
				MTL_ENABLE_DEBUG_INFO = NO;
				SDKROOT = iphoneos;
				VALIDATE_PRODUCT = YES;
			};
			name = Release;
		};
		B0DB34E222A11393000B8BBA /* Debug */ = {
			isa = XCBuildConfiguration;
			buildSettings = {
				ASSETCATALOG_COMPILER_APPICON_NAME = AppIcon;
				CODE_SIGN_STYLE = Automatic;
				DEVELOPMENT_TEAM = 44VU4UWP68;
				INFOPLIST_FILE = PickUsers/Info.plist;
				IPHONEOS_DEPLOYMENT_TARGET = 8.0;
				LD_RUNPATH_SEARCH_PATHS = (
					"$(inherited)",
					"@executable_path/Frameworks",
				);
				PRODUCT_BUNDLE_IDENTIFIER = "com.china-ccw.PickUsers";
				PRODUCT_NAME = "$(TARGET_NAME)";
				TARGETED_DEVICE_FAMILY = "1,2";
			};
			name = Debug;
		};
		B0DB34E322A11393000B8BBA /* Release */ = {
			isa = XCBuildConfiguration;
			buildSettings = {
				ASSETCATALOG_COMPILER_APPICON_NAME = AppIcon;
				CODE_SIGN_STYLE = Automatic;
				DEVELOPMENT_TEAM = 44VU4UWP68;
				INFOPLIST_FILE = PickUsers/Info.plist;
				IPHONEOS_DEPLOYMENT_TARGET = 8.0;
				LD_RUNPATH_SEARCH_PATHS = (
					"$(inherited)",
					"@executable_path/Frameworks",
				);
				PRODUCT_BUNDLE_IDENTIFIER = "com.china-ccw.PickUsers";
				PRODUCT_NAME = "$(TARGET_NAME)";
				TARGETED_DEVICE_FAMILY = "1,2";
			};
			name = Release;
		};
		B0DB34E522A11393000B8BBA /* Debug */ = {
			isa = XCBuildConfiguration;
			buildSettings = {
				BUNDLE_LOADER = "$(TEST_HOST)";
				CODE_SIGN_STYLE = Automatic;
				INFOPLIST_FILE = PickUsersTests/Info.plist;
				LD_RUNPATH_SEARCH_PATHS = (
					"$(inherited)",
					"@executable_path/Frameworks",
					"@loader_path/Frameworks",
				);
				PRODUCT_BUNDLE_IDENTIFIER = "com.china-ccw.PickUsersTests";
				PRODUCT_NAME = "$(TARGET_NAME)";
				TARGETED_DEVICE_FAMILY = "1,2";
				TEST_HOST = "$(BUILT_PRODUCTS_DIR)/PickUsers.app/PickUsers";
			};
			name = Debug;
		};
		B0DB34E622A11393000B8BBA /* Release */ = {
			isa = XCBuildConfiguration;
			buildSettings = {
				BUNDLE_LOADER = "$(TEST_HOST)";
				CODE_SIGN_STYLE = Automatic;
				INFOPLIST_FILE = PickUsersTests/Info.plist;
				LD_RUNPATH_SEARCH_PATHS = (
					"$(inherited)",
					"@executable_path/Frameworks",
					"@loader_path/Frameworks",
				);
				PRODUCT_BUNDLE_IDENTIFIER = "com.china-ccw.PickUsersTests";
				PRODUCT_NAME = "$(TARGET_NAME)";
				TARGETED_DEVICE_FAMILY = "1,2";
				TEST_HOST = "$(BUILT_PRODUCTS_DIR)/PickUsers.app/PickUsers";
			};
			name = Release;
		};
		B0DB34E822A11393000B8BBA /* Debug */ = {
			isa = XCBuildConfiguration;
			buildSettings = {
				CODE_SIGN_STYLE = Automatic;
				INFOPLIST_FILE = PickUsersUITests/Info.plist;
				LD_RUNPATH_SEARCH_PATHS = (
					"$(inherited)",
					"@executable_path/Frameworks",
					"@loader_path/Frameworks",
				);
				PRODUCT_BUNDLE_IDENTIFIER = "com.china-ccw.PickUsersUITests";
				PRODUCT_NAME = "$(TARGET_NAME)";
				TARGETED_DEVICE_FAMILY = "1,2";
				TEST_TARGET_NAME = PickUsers;
			};
			name = Debug;
		};
		B0DB34E922A11393000B8BBA /* Release */ = {
			isa = XCBuildConfiguration;
			buildSettings = {
				CODE_SIGN_STYLE = Automatic;
				INFOPLIST_FILE = PickUsersUITests/Info.plist;
				LD_RUNPATH_SEARCH_PATHS = (
					"$(inherited)",
					"@executable_path/Frameworks",
					"@loader_path/Frameworks",
				);
				PRODUCT_BUNDLE_IDENTIFIER = "com.china-ccw.PickUsersUITests";
				PRODUCT_NAME = "$(TARGET_NAME)";
				TARGETED_DEVICE_FAMILY = "1,2";
				TEST_TARGET_NAME = PickUsers;
			};
			name = Release;
		};
/* End XCBuildConfiguration section */

/* Begin XCConfigurationList section */
		B0DB34B022A11392000B8BBA /* Build configuration list for PBXProject "PickUsers" */ = {
			isa = XCConfigurationList;
			buildConfigurations = (
				B0DB34DF22A11393000B8BBA /* Debug */,
				B0DB34E022A11393000B8BBA /* Release */,
			);
			defaultConfigurationIsVisible = 0;
			defaultConfigurationName = Release;
		};
		B0DB34E122A11393000B8BBA /* Build configuration list for PBXNativeTarget "PickUsers" */ = {
			isa = XCConfigurationList;
			buildConfigurations = (
				B0DB34E222A11393000B8BBA /* Debug */,
				B0DB34E322A11393000B8BBA /* Release */,
			);
			defaultConfigurationIsVisible = 0;
			defaultConfigurationName = Release;
		};
		B0DB34E422A11393000B8BBA /* Build configuration list for PBXNativeTarget "PickUsersTests" */ = {
			isa = XCConfigurationList;
			buildConfigurations = (
				B0DB34E522A11393000B8BBA /* Debug */,
				B0DB34E622A11393000B8BBA /* Release */,
			);
			defaultConfigurationIsVisible = 0;
			defaultConfigurationName = Release;
		};
		B0DB34E722A11393000B8BBA /* Build configuration list for PBXNativeTarget "PickUsersUITests" */ = {
			isa = XCConfigurationList;
			buildConfigurations = (
				B0DB34E822A11393000B8BBA /* Debug */,
				B0DB34E922A11393000B8BBA /* Release */,
			);
			defaultConfigurationIsVisible = 0;
			defaultConfigurationName = Release;
		};
/* End XCConfigurationList section */
	};
	rootObject = B0DB34AD22A11392000B8BBA /* Project object */;
}
